
Microsoft Visual Studio Solution File, Format Version 12.00
# Visual Studio Version 17
VisualStudioVersion = 17.4.33205.214
MinimumVisualStudioVersion = 10.0.40219.1
Project("{FAE04EC0-301F-11D3-BF4B-00C04F79EFBC}") = "ComidaRapida", "ComidaRapida\ComidaRapida.csproj", "{A3966256-3811-4F64-A544-4DD1D2CBCBFA}"
EndProject
Global
	GlobalSection(SolutionConfigurationPlatforms) = preSolution
		Debug|Any CPU = Debug|Any CPU
		Release|Any CPU = Release|Any CPU
	EndGlobalSection
	GlobalSection(ProjectConfigurationPlatforms) = postSolution
		{A3966256-3811-4F64-A544-4DD1D2CBCBFA}.Debug|Any CPU.ActiveCfg = Debug|Any CPU
		{A3966256-3811-4F64-A544-4DD1D2CBCBFA}.Debug|Any CPU.Build.0 = Debug|Any CPU
		{A3966256-3811-4F64-A544-4DD1D2CBCBFA}.Release|Any CPU.ActiveCfg = Release|Any CPU
		{A3966256-3811-4F64-A544-4DD1D2CBCBFA}.Release|Any CPU.Build.0 = Release|Any CPU
	EndGlobalSection
	GlobalSection(SolutionProperties) = preSolution
		HideSolutionNode = FALSE
	EndGlobalSection
	GlobalSection(ExtensibilityGlobals) = postSolution
		SolutionGuid = {C93A48EB-C4ED-4C39-9609-4E43A34FE584}
	EndGlobalSection
EndGlobal
